// !$*UTF8*$!
{
	archiveVersion = 1;
	classes = {
	};
	objectVersion = 51;
	objects = {

/* Begin PBXBuildFile section */
		7F719E9224C2857C00F0E1E1 /* AppDelegate.swift in Sources */ = {isa = PBXBuildFile; fileRef = 7F719E9124C2857C00F0E1E1 /* AppDelegate.swift */; };
		7F719E9424C2857C00F0E1E1 /* SceneDelegate.swift in Sources */ = {isa = PBXBuildFile; fileRef = 7F719E9324C2857C00F0E1E1 /* SceneDelegate.swift */; };
		7F719E9624C2857C00F0E1E1 /* ViewController.swift in Sources */ = {isa = PBXBuildFile; fileRef = 7F719E9524C2857C00F0E1E1 /* ViewController.swift */; };
		7F719E9924C2857C00F0E1E1 /* Main.storyboard in Resources */ = {isa = PBXBuildFile; fileRef = 7F719E9724C2857C00F0E1E1 /* Main.storyboard */; };
		7F719E9B24C2858000F0E1E1 /* Assets.xcassets in Resources */ = {isa = PBXBuildFile; fileRef = 7F719E9A24C2858000F0E1E1 /* Assets.xcassets */; };
		7F719E9E24C2858000F0E1E1 /* LaunchScreen.storyboard in Resources */ = {isa = PBXBuildFile; fileRef = 7F719E9C24C2858000F0E1E1 /* LaunchScreen.storyboard */; };
		7F719EA924C28CA300F0E1E1 /* client_170216254482-52m3vge6mvv66114s3336tkc8e6r7c48.apps.googleusercontent.com.plist in Resources */ = {isa = PBXBuildFile; fileRef = 7F719EA824C28CA300F0E1E1 /* client_170216254482-52m3vge6mvv66114s3336tkc8e6r7c48.apps.googleusercontent.com.plist */; };
		7F719EAD24C299D200F0E1E1 /* FolderViewController.swift in Sources */ = {isa = PBXBuildFile; fileRef = 7F719EAC24C299D200F0E1E1 /* FolderViewController.swift */; };
		7F719EAF24C2AA3400F0E1E1 /* UserDetailsViewController.swift in Sources */ = {isa = PBXBuildFile; fileRef = 7F719EAE24C2AA3400F0E1E1 /* UserDetailsViewController.swift */; };
		7F719EB124C2AA4F00F0E1E1 /* CameraViewController.swift in Sources */ = {isa = PBXBuildFile; fileRef = 7F719EB024C2AA4F00F0E1E1 /* CameraViewController.swift */; };
		7F719EB324C2DEC800F0E1E1 /* ImagesViewController.swift in Sources */ = {isa = PBXBuildFile; fileRef = 7F719EB224C2DEC800F0E1E1 /* ImagesViewController.swift */; };
		7F719EB624C37D4700F0E1E1 /* CollectionViewCell.swift in Sources */ = {isa = PBXBuildFile; fileRef = 7F719EB424C37D4700F0E1E1 /* CollectionViewCell.swift */; };
		7F719EB724C37D4700F0E1E1 /* CollectionViewCell.xib in Resources */ = {isa = PBXBuildFile; fileRef = 7F719EB524C37D4700F0E1E1 /* CollectionViewCell.xib */; };
		7F719EBA24C3962D00F0E1E1 /* getFolders.swift in Sources */ = {isa = PBXBuildFile; fileRef = 7F719EB924C3962D00F0E1E1 /* getFolders.swift */; };
		7F719EBC24C39F5100F0E1E1 /* DriveFunctions.swift in Sources */ = {isa = PBXBuildFile; fileRef = 7F719EBB24C39F5100F0E1E1 /* DriveFunctions.swift */; };
		7F719EBE24C3ED5800F0E1E1 /* CreateFolders.swift in Sources */ = {isa = PBXBuildFile; fileRef = 7F719EBD24C3ED5800F0E1E1 /* CreateFolders.swift */; };
		7F719EC024C415F500F0E1E1 /* uploadImages.swift in Sources */ = {isa = PBXBuildFile; fileRef = 7F719EBF24C415F500F0E1E1 /* uploadImages.swift */; };
		7F719EC224C4161400F0E1E1 /* getImages.swift in Sources */ = {isa = PBXBuildFile; fileRef = 7F719EC124C4161400F0E1E1 /* getImages.swift */; };
		7FE751D9C9B50EE76A66E20F /* Pods_WeScan.framework in Frameworks */ = {isa = PBXBuildFile; fileRef = D74A81F2B528E9CB0107A003 /* Pods_WeScan.framework */; };
/* End PBXBuildFile section */

/* Begin PBXFileReference section */
		7F719E8E24C2857C00F0E1E1 /* WeScan.app */ = {isa = PBXFileReference; explicitFileType = wrapper.application; includeInIndex = 0; path = WeScan.app; sourceTree = BUILT_PRODUCTS_DIR; };
		7F719E9124C2857C00F0E1E1 /* AppDelegate.swift */ = {isa = PBXFileReference; lastKnownFileType = sourcecode.swift; path = AppDelegate.swift; sourceTree = "<group>"; };
		7F719E9324C2857C00F0E1E1 /* SceneDelegate.swift */ = {isa = PBXFileReference; lastKnownFileType = sourcecode.swift; path = SceneDelegate.swift; sourceTree = "<group>"; };
		7F719E9524C2857C00F0E1E1 /* ViewController.swift */ = {isa = PBXFileReference; lastKnownFileType = sourcecode.swift; path = ViewController.swift; sourceTree = "<group>"; };
		7F719E9824C2857C00F0E1E1 /* Base */ = {isa = PBXFileReference; lastKnownFileType = file.storyboard; name = Base; path = Base.lproj/Main.storyboard; sourceTree = "<group>"; };
		7F719E9A24C2858000F0E1E1 /* Assets.xcassets */ = {isa = PBXFileReference; lastKnownFileType = folder.assetcatalog; path = Assets.xcassets; sourceTree = "<group>"; };
		7F719E9D24C2858000F0E1E1 /* Base */ = {isa = PBXFileReference; lastKnownFileType = file.storyboard; name = Base; path = Base.lproj/LaunchScreen.storyboard; sourceTree = "<group>"; };
		7F719E9F24C2858000F0E1E1 /* Info.plist */ = {isa = PBXFileReference; lastKnownFileType = text.plist.xml; path = Info.plist; sourceTree = "<group>"; };
		7F719EA824C28CA300F0E1E1 /* client_170216254482-52m3vge6mvv66114s3336tkc8e6r7c48.apps.googleusercontent.com.plist */ = {isa = PBXFileReference; fileEncoding = 4; lastKnownFileType = text.plist.xml; path = "client_170216254482-52m3vge6mvv66114s3336tkc8e6r7c48.apps.googleusercontent.com.plist"; sourceTree = "<group>"; };
		7F719EAC24C299D200F0E1E1 /* FolderViewController.swift */ = {isa = PBXFileReference; lastKnownFileType = sourcecode.swift; path = FolderViewController.swift; sourceTree = "<group>"; };
		7F719EAE24C2AA3400F0E1E1 /* UserDetailsViewController.swift */ = {isa = PBXFileReference; lastKnownFileType = sourcecode.swift; path = UserDetailsViewController.swift; sourceTree = "<group>"; };
		7F719EB024C2AA4F00F0E1E1 /* CameraViewController.swift */ = {isa = PBXFileReference; lastKnownFileType = sourcecode.swift; path = CameraViewController.swift; sourceTree = "<group>"; };
		7F719EB224C2DEC800F0E1E1 /* ImagesViewController.swift */ = {isa = PBXFileReference; lastKnownFileType = sourcecode.swift; path = ImagesViewController.swift; sourceTree = "<group>"; };
		7F719EB424C37D4700F0E1E1 /* CollectionViewCell.swift */ = {isa = PBXFileReference; lastKnownFileType = sourcecode.swift; path = CollectionViewCell.swift; sourceTree = "<group>"; };
		7F719EB524C37D4700F0E1E1 /* CollectionViewCell.xib */ = {isa = PBXFileReference; lastKnownFileType = file.xib; path = CollectionViewCell.xib; sourceTree = "<group>"; };
		7F719EB924C3962D00F0E1E1 /* getFolders.swift */ = {isa = PBXFileReference; lastKnownFileType = sourcecode.swift; path = getFolders.swift; sourceTree = "<group>"; };
		7F719EBB24C39F5100F0E1E1 /* DriveFunctions.swift */ = {isa = PBXFileReference; lastKnownFileType = sourcecode.swift; path = DriveFunctions.swift; sourceTree = "<group>"; };
		7F719EBD24C3ED5800F0E1E1 /* CreateFolders.swift */ = {isa = PBXFileReference; lastKnownFileType = sourcecode.swift; path = CreateFolders.swift; sourceTree = "<group>"; };
		7F719EBF24C415F500F0E1E1 /* uploadImages.swift */ = {isa = PBXFileReference; lastKnownFileType = sourcecode.swift; path = uploadImages.swift; sourceTree = "<group>"; };
		7F719EC124C4161400F0E1E1 /* getImages.swift */ = {isa = PBXFileReference; lastKnownFileType = sourcecode.swift; path = getImages.swift; sourceTree = "<group>"; };
		A8F57268D423AE2A9561BA65 /* Pods-WeScan.debug.xcconfig */ = {isa = PBXFileReference; includeInIndex = 1; lastKnownFileType = text.xcconfig; name = "Pods-WeScan.debug.xcconfig"; path = "Target Support Files/Pods-WeScan/Pods-WeScan.debug.xcconfig"; sourceTree = "<group>"; };
		C6F79EFCD0CCBE3B34C268E7 /* Pods-WeScan.release.xcconfig */ = {isa = PBXFileReference; includeInIndex = 1; lastKnownFileType = text.xcconfig; name = "Pods-WeScan.release.xcconfig"; path = "Target Support Files/Pods-WeScan/Pods-WeScan.release.xcconfig"; sourceTree = "<group>"; };
		D74A81F2B528E9CB0107A003 /* Pods_WeScan.framework */ = {isa = PBXFileReference; explicitFileType = wrapper.framework; includeInIndex = 0; path = Pods_WeScan.framework; sourceTree = BUILT_PRODUCTS_DIR; };
/* End PBXFileReference section */

/* Begin PBXFrameworksBuildPhase section */
		7F719E8B24C2857C00F0E1E1 /* Frameworks */ = {
			isa = PBXFrameworksBuildPhase;
			buildActionMask = 2147483647;
			files = (
				7FE751D9C9B50EE76A66E20F /* Pods_WeScan.framework in Frameworks */,
			);
			runOnlyForDeploymentPostprocessing = 0;
		};
/* End PBXFrameworksBuildPhase section */

/* Begin PBXGroup section */
		7F719E8524C2857C00F0E1E1 = {
			isa = PBXGroup;
			children = (
				7F719E9024C2857C00F0E1E1 /* WeScan */,
				7F719E8F24C2857C00F0E1E1 /* Products */,
				F067DCA3AC0094D564E6F429 /* Pods */,
				BBF276E85CBC66375058374E /* Frameworks */,
			);
			sourceTree = "<group>";
		};
		7F719E8F24C2857C00F0E1E1 /* Products */ = {
			isa = PBXGroup;
			children = (
				7F719E8E24C2857C00F0E1E1 /* WeScan.app */,
			);
			name = Products;
			sourceTree = "<group>";
		};
		7F719E9024C2857C00F0E1E1 /* WeScan */ = {
			isa = PBXGroup;
			children = (
				7F719E9124C2857C00F0E1E1 /* AppDelegate.swift */,
				7F719E9324C2857C00F0E1E1 /* SceneDelegate.swift */,
				7F719EB824C395F800F0E1E1 /* Drive Functions */,
				7F719EA724C287AE00F0E1E1 /* Model */,
				7F719EA524C2878900F0E1E1 /* View */,
				7F719EA624C287A000F0E1E1 /* Controller */,
				7F719E9A24C2858000F0E1E1 /* Assets.xcassets */,
				7F719E9C24C2858000F0E1E1 /* LaunchScreen.storyboard */,
				7F719E9F24C2858000F0E1E1 /* Info.plist */,
				7F719EA824C28CA300F0E1E1 /* client_170216254482-52m3vge6mvv66114s3336tkc8e6r7c48.apps.googleusercontent.com.plist */,
			);
			path = WeScan;
			sourceTree = "<group>";
		};
		7F719EA524C2878900F0E1E1 /* View */ = {
			isa = PBXGroup;
			children = (
				7F719E9724C2857C00F0E1E1 /* Main.storyboard */,
				7F719EB524C37D4700F0E1E1 /* CollectionViewCell.xib */,
			);
			path = View;
			sourceTree = "<group>";
		};
		7F719EA624C287A000F0E1E1 /* Controller */ = {
			isa = PBXGroup;
			children = (
				7F719E9524C2857C00F0E1E1 /* ViewController.swift */,
				7F719EAC24C299D200F0E1E1 /* FolderViewController.swift */,
				7F719EAE24C2AA3400F0E1E1 /* UserDetailsViewController.swift */,
				7F719EB024C2AA4F00F0E1E1 /* CameraViewController.swift */,
				7F719EB224C2DEC800F0E1E1 /* ImagesViewController.swift */,
				7F719EB424C37D4700F0E1E1 /* CollectionViewCell.swift */,
			);
			path = Controller;
			sourceTree = "<group>";
		};
		7F719EA724C287AE00F0E1E1 /* Model */ = {
			isa = PBXGroup;
			children = (
			);
			path = Model;
			sourceTree = "<group>";
		};
		7F719EB824C395F800F0E1E1 /* Drive Functions */ = {
			isa = PBXGroup;
			children = (
				7F719EBB24C39F5100F0E1E1 /* DriveFunctions.swift */,
				7F719EBF24C415F500F0E1E1 /* uploadImages.swift */,
				7F719EB924C3962D00F0E1E1 /* getFolders.swift */,
				7F719EBD24C3ED5800F0E1E1 /* CreateFolders.swift */,
				7F719EC124C4161400F0E1E1 /* getImages.swift */,
			);
			path = "Drive Functions";
			sourceTree = "<group>";
		};
		BBF276E85CBC66375058374E /* Frameworks */ = {
			isa = PBXGroup;
			children = (
				D74A81F2B528E9CB0107A003 /* Pods_WeScan.framework */,
			);
			name = Frameworks;
			sourceTree = "<group>";
		};
		F067DCA3AC0094D564E6F429 /* Pods */ = {
			isa = PBXGroup;
			children = (
				A8F57268D423AE2A9561BA65 /* Pods-WeScan.debug.xcconfig */,
				C6F79EFCD0CCBE3B34C268E7 /* Pods-WeScan.release.xcconfig */,
			);
			path = Pods;
			sourceTree = "<group>";
		};
/* End PBXGroup section */

/* Begin PBXNativeTarget section */
		7F719E8D24C2857C00F0E1E1 /* WeScan */ = {
			isa = PBXNativeTarget;
			buildConfigurationList = 7F719EA224C2858000F0E1E1 /* Build configuration list for PBXNativeTarget "WeScan" */;
			buildPhases = (
				E34BECB2729B805AD5D4A7DD /* [CP] Check Pods Manifest.lock */,
				7F719E8A24C2857C00F0E1E1 /* Sources */,
				7F719E8B24C2857C00F0E1E1 /* Frameworks */,
				7F719E8C24C2857C00F0E1E1 /* Resources */,
				E0DEE6232F0546A16D7C7F08 /* [CP] Embed Pods Frameworks */,
				DD987EF0ED3F39A929AC1F55 /* [CP] Copy Pods Resources */,
			);
			buildRules = (
			);
			dependencies = (
			);
			name = WeScan;
			productName = WeScan;
			productReference = 7F719E8E24C2857C00F0E1E1 /* WeScan.app */;
			productType = "com.apple.product-type.application";
		};
/* End PBXNativeTarget section */

/* Begin PBXProject section */
		7F719E8624C2857C00F0E1E1 /* Project object */ = {
			isa = PBXProject;
			attributes = {
				LastSwiftUpdateCheck = 1150;
				LastUpgradeCheck = 1150;
				ORGANIZATIONNAME = "Sahil Mirchandani";
				TargetAttributes = {
					7F719E8D24C2857C00F0E1E1 = {
						CreatedOnToolsVersion = 11.5;
					};
				};
			};
			buildConfigurationList = 7F719E8924C2857C00F0E1E1 /* Build configuration list for PBXProject "WeScan" */;
			compatibilityVersion = "Xcode 9.3";
			developmentRegion = en;
			hasScannedForEncodings = 0;
			knownRegions = (
				en,
				Base,
			);
			mainGroup = 7F719E8524C2857C00F0E1E1;
			productRefGroup = 7F719E8F24C2857C00F0E1E1 /* Products */;
			projectDirPath = "";
			projectRoot = "";
			targets = (
				7F719E8D24C2857C00F0E1E1 /* WeScan */,
			);
		};
/* End PBXProject section */

/* Begin PBXResourcesBuildPhase section */
		7F719E8C24C2857C00F0E1E1 /* Resources */ = {
			isa = PBXResourcesBuildPhase;
			buildActionMask = 2147483647;
			files = (
				7F719E9E24C2858000F0E1E1 /* LaunchScreen.storyboard in Resources */,
				7F719EA924C28CA300F0E1E1 /* client_170216254482-52m3vge6mvv66114s3336tkc8e6r7c48.apps.googleusercontent.com.plist in Resources */,
				7F719E9B24C2858000F0E1E1 /* Assets.xcassets in Resources */,
				7F719E9924C2857C00F0E1E1 /* Main.storyboard in Resources */,
				7F719EB724C37D4700F0E1E1 /* CollectionViewCell.xib in Resources */,
			);
			runOnlyForDeploymentPostprocessing = 0;
		};
/* End PBXResourcesBuildPhase section */

/* Begin PBXShellScriptBuildPhase section */
		DD987EF0ED3F39A929AC1F55 /* [CP] Copy Pods Resources */ = {
			isa = PBXShellScriptBuildPhase;
			buildActionMask = 2147483647;
			files = (
			);
			inputFileListPaths = (
				"${PODS_ROOT}/Target Support Files/Pods-WeScan/Pods-WeScan-resources-${CONFIGURATION}-input-files.xcfilelist",
			);
			name = "[CP] Copy Pods Resources";
			outputFileListPaths = (
				"${PODS_ROOT}/Target Support Files/Pods-WeScan/Pods-WeScan-resources-${CONFIGURATION}-output-files.xcfilelist",
			);
			runOnlyForDeploymentPostprocessing = 0;
			shellPath = /bin/sh;
			shellScript = "\"${PODS_ROOT}/Target Support Files/Pods-WeScan/Pods-WeScan-resources.sh\"\n";
			showEnvVarsInLog = 0;
		};
		E0DEE6232F0546A16D7C7F08 /* [CP] Embed Pods Frameworks */ = {
			isa = PBXShellScriptBuildPhase;
			buildActionMask = 2147483647;
			files = (
			);
			inputFileListPaths = (
				"${PODS_ROOT}/Target Support Files/Pods-WeScan/Pods-WeScan-frameworks-${CONFIGURATION}-input-files.xcfilelist",
			);
			name = "[CP] Embed Pods Frameworks";
			outputFileListPaths = (
				"${PODS_ROOT}/Target Support Files/Pods-WeScan/Pods-WeScan-frameworks-${CONFIGURATION}-output-files.xcfilelist",
			);
			runOnlyForDeploymentPostprocessing = 0;
			shellPath = /bin/sh;
			shellScript = "\"${PODS_ROOT}/Target Support Files/Pods-WeScan/Pods-WeScan-frameworks.sh\"\n";
			showEnvVarsInLog = 0;
		};
		E34BECB2729B805AD5D4A7DD /* [CP] Check Pods Manifest.lock */ = {
			isa = PBXShellScriptBuildPhase;
			buildActionMask = 2147483647;
			files = (
			);
			inputFileListPaths = (
			);
			inputPaths = (
				"${PODS_PODFILE_DIR_PATH}/Podfile.lock",
				"${PODS_ROOT}/Manifest.lock",
			);
			name = "[CP] Check Pods Manifest.lock";
			outputFileListPaths = (
			);
			outputPaths = (
				"$(DERIVED_FILE_DIR)/Pods-WeScan-checkManifestLockResult.txt",
			);
			runOnlyForDeploymentPostprocessing = 0;
			shellPath = /bin/sh;
			shellScript = "diff \"${PODS_PODFILE_DIR_PATH}/Podfile.lock\" \"${PODS_ROOT}/Manifest.lock\" > /dev/null\nif [ $? != 0 ] ; then\n    # print error to STDERR\n    echo \"error: The sandbox is not in sync with the Podfile.lock. Run 'pod install' or update your CocoaPods installation.\" >&2\n    exit 1\nfi\n# This output is used by Xcode 'outputs' to avoid re-running this script phase.\necho \"SUCCESS\" > \"${SCRIPT_OUTPUT_FILE_0}\"\n";
			showEnvVarsInLog = 0;
		};
/* End PBXShellScriptBuildPhase section */

/* Begin PBXSourcesBuildPhase section */
		7F719E8A24C2857C00F0E1E1 /* Sources */ = {
			isa = PBXSourcesBuildPhase;
			buildActionMask = 2147483647;
			files = (
				7F719EAF24C2AA3400F0E1E1 /* UserDetailsViewController.swift in Sources */,
				7F719EBE24C3ED5800F0E1E1 /* CreateFolders.swift in Sources */,
				7F719EB324C2DEC800F0E1E1 /* ImagesViewController.swift in Sources */,
				7F719EC224C4161400F0E1E1 /* getImages.swift in Sources */,
				7F719EB624C37D4700F0E1E1 /* CollectionViewCell.swift in Sources */,
				7F719EC024C415F500F0E1E1 /* uploadImages.swift in Sources */,
				7F719EAD24C299D200F0E1E1 /* FolderViewController.swift in Sources */,
				7F719E9624C2857C00F0E1E1 /* ViewController.swift in Sources */,
				7F719EBA24C3962D00F0E1E1 /* getFolders.swift in Sources */,
				7F719EBC24C39F5100F0E1E1 /* DriveFunctions.swift in Sources */,
				7F719E9224C2857C00F0E1E1 /* AppDelegate.swift in Sources */,
				7F719E9424C2857C00F0E1E1 /* SceneDelegate.swift in Sources */,
				7F719EB124C2AA4F00F0E1E1 /* CameraViewController.swift in Sources */,
			);
			runOnlyForDeploymentPostprocessing = 0;
		};
/* End PBXSourcesBuildPhase section */

/* Begin PBXVariantGroup section */
		7F719E9724C2857C00F0E1E1 /* Main.storyboard */ = {
			isa = PBXVariantGroup;
			children = (
				7F719E9824C2857C00F0E1E1 /* Base */,
			);
			name = Main.storyboard;
			sourceTree = "<group>";
		};
		7F719E9C24C2858000F0E1E1 /* LaunchScreen.storyboard */ = {
			isa = PBXVariantGroup;
			children = (
				7F719E9D24C2858000F0E1E1 /* Base */,
			);
			name = LaunchScreen.storyboard;
			sourceTree = "<group>";
		};
/* End PBXVariantGroup section */

/* Begin XCBuildConfiguration section */
		7F719EA024C2858000F0E1E1 /* Debug */ = {
			isa = XCBuildConfiguration;
			buildSettings = {
				ALWAYS_SEARCH_USER_PATHS = NO;
				CLANG_ANALYZER_NONNULL = YES;
				CLANG_ANALYZER_NUMBER_OBJECT_CONVERSION = YES_AGGRESSIVE;
				CLANG_CXX_LANGUAGE_STANDARD = "gnu++14";
				CLANG_CXX_LIBRARY = "libc++";
				CLANG_ENABLE_MODULES = YES;
				CLANG_ENABLE_OBJC_ARC = YES;
				CLANG_ENABLE_OBJC_WEAK = YES;
				CLANG_WARN_BLOCK_CAPTURE_AUTORELEASING = YES;
				CLANG_WARN_BOOL_CONVERSION = YES;
				CLANG_WARN_COMMA = YES;
				CLANG_WARN_CONSTANT_CONVERSION = YES;
				CLANG_WARN_DEPRECATED_OBJC_IMPLEMENTATIONS = YES;
				CLANG_WARN_DIRECT_OBJC_ISA_USAGE = YES_ERROR;
				CLANG_WARN_DOCUMENTATION_COMMENTS = YES;
				CLANG_WARN_EMPTY_BODY = YES;
				CLANG_WARN_ENUM_CONVERSION = YES;
				CLANG_WARN_INFINITE_RECURSION = YES;
				CLANG_WARN_INT_CONVERSION = YES;
				CLANG_WARN_NON_LITERAL_NULL_CONVERSION = YES;
				CLANG_WARN_OBJC_IMPLICIT_RETAIN_SELF = YES;
				CLANG_WARN_OBJC_LITERAL_CONVERSION = YES;
				CLANG_WARN_OBJC_ROOT_CLASS = YES_ERROR;
				CLANG_WARN_RANGE_LOOP_ANALYSIS = YES;
				CLANG_WARN_STRICT_PROTOTYPES = YES;
				CLANG_WARN_SUSPICIOUS_MOVE = YES;
				CLANG_WARN_UNGUARDED_AVAILABILITY = YES_AGGRESSIVE;
				CLANG_WARN_UNREACHABLE_CODE = YES;
				CLANG_WARN__DUPLICATE_METHOD_MATCH = YES;
				COPY_PHASE_STRIP = NO;
				DEBUG_INFORMATION_FORMAT = dwarf;
				ENABLE_STRICT_OBJC_MSGSEND = YES;
				ENABLE_TESTABILITY = YES;
				GCC_C_LANGUAGE_STANDARD = gnu11;
				GCC_DYNAMIC_NO_PIC = NO;
				GCC_NO_COMMON_BLOCKS = YES;
				GCC_OPTIMIZATION_LEVEL = 0;
				GCC_PREPROCESSOR_DEFINITIONS = (
					"DEBUG=1",
					"$(inherited)",
				);
				GCC_WARN_64_TO_32_BIT_CONVERSION = YES;
				GCC_WARN_ABOUT_RETURN_TYPE = YES_ERROR;
				GCC_WARN_UNDECLARED_SELECTOR = YES;
				GCC_WARN_UNINITIALIZED_AUTOS = YES_AGGRESSIVE;
				GCC_WARN_UNUSED_FUNCTION = YES;
				GCC_WARN_UNUSED_VARIABLE = YES;
				IPHONEOS_DEPLOYMENT_TARGET = 13.5;
				MTL_ENABLE_DEBUG_INFO = INCLUDE_SOURCE;
				MTL_FAST_MATH = YES;
				ONLY_ACTIVE_ARCH = YES;
				SDKROOT = iphoneos;
				SWIFT_ACTIVE_COMPILATION_CONDITIONS = DEBUG;
				SWIFT_OPTIMIZATION_LEVEL = "-Onone";
			};
			name = Debug;
		};
		7F719EA124C2858000F0E1E1 /* Release */ = {
			isa = XCBuildConfiguration;
			buildSettings = {
				ALWAYS_SEARCH_USER_PATHS = NO;
				CLANG_ANALYZER_NONNULL = YES;
				CLANG_ANALYZER_NUMBER_OBJECT_CONVERSION = YES_AGGRESSIVE;
				CLANG_CXX_LANGUAGE_STANDARD = "gnu++14";
				CLANG_CXX_LIBRARY = "libc++";
				CLANG_ENABLE_MODULES = YES;
				CLANG_ENABLE_OBJC_ARC = YES;
				CLANG_ENABLE_OBJC_WEAK = YES;
				CLANG_WARN_BLOCK_CAPTURE_AUTORELEASING = YES;
				CLANG_WARN_BOOL_CONVERSION = YES;
				CLANG_WARN_COMMA = YES;
				CLANG_WARN_CONSTANT_CONVERSION = YES;
				CLANG_WARN_DEPRECATED_OBJC_IMPLEMENTATIONS = YES;
				CLANG_WARN_DIRECT_OBJC_ISA_USAGE = YES_ERROR;
				CLANG_WARN_DOCUMENTATION_COMMENTS = YES;
				CLANG_WARN_EMPTY_BODY = YES;
				CLANG_WARN_ENUM_CONVERSION = YES;
				CLANG_WARN_INFINITE_RECURSION = YES;
				CLANG_WARN_INT_CONVERSION = YES;
				CLANG_WARN_NON_LITERAL_NULL_CONVERSION = YES;
				CLANG_WARN_OBJC_IMPLICIT_RETAIN_SELF = YES;
				CLANG_WARN_OBJC_LITERAL_CONVERSION = YES;
				CLANG_WARN_OBJC_ROOT_CLASS = YES_ERROR;
				CLANG_WARN_RANGE_LOOP_ANALYSIS = YES;
				CLANG_WARN_STRICT_PROTOTYPES = YES;
				CLANG_WARN_SUSPICIOUS_MOVE = YES;
				CLANG_WARN_UNGUARDED_AVAILABILITY = YES_AGGRESSIVE;
				CLANG_WARN_UNREACHABLE_CODE = YES;
				CLANG_WARN__DUPLICATE_METHOD_MATCH = YES;
				COPY_PHASE_STRIP = NO;
				DEBUG_INFORMATION_FORMAT = "dwarf-with-dsym";
				ENABLE_NS_ASSERTIONS = NO;
				ENABLE_STRICT_OBJC_MSGSEND = YES;
				GCC_C_LANGUAGE_STANDARD = gnu11;
				GCC_NO_COMMON_BLOCKS = YES;
				GCC_WARN_64_TO_32_BIT_CONVERSION = YES;
				GCC_WARN_ABOUT_RETURN_TYPE = YES_ERROR;
				GCC_WARN_UNDECLARED_SELECTOR = YES;
				GCC_WARN_UNINITIALIZED_AUTOS = YES_AGGRESSIVE;
				GCC_WARN_UNUSED_FUNCTION = YES;
				GCC_WARN_UNUSED_VARIABLE = YES;
				IPHONEOS_DEPLOYMENT_TARGET = 13.5;
				MTL_ENABLE_DEBUG_INFO = NO;
				MTL_FAST_MATH = YES;
				SDKROOT = iphoneos;
				SWIFT_COMPILATION_MODE = wholemodule;
				SWIFT_OPTIMIZATION_LEVEL = "-O";
				VALIDATE_PRODUCT = YES;
			};
			name = Release;
		};
		7F719EA324C2858000F0E1E1 /* Debug */ = {
			isa = XCBuildConfiguration;
			baseConfigurationReference = A8F57268D423AE2A9561BA65 /* Pods-WeScan.debug.xcconfig */;
			buildSettings = {
				ASSETCATALOG_COMPILER_APPICON_NAME = AppIcon;
				CODE_SIGN_STYLE = Automatic;
				DEVELOPMENT_TEAM = 4QJUCZ4JW2;
				INFOPLIST_FILE = WeScan/Info.plist;
				LD_RUNPATH_SEARCH_PATHS = (
					"$(inherited)",
					"@executable_path/Frameworks",
				);
				PRODUCT_BUNDLE_IDENTIFIER = com.SahilMirchandani.WeScan;
				PRODUCT_NAME = "$(TARGET_NAME)";
				SWIFT_VERSION = 5.0;
				TARGETED_DEVICE_FAMILY = "1,2";
			};
			name = Debug;
		};
		7F719EA424C2858000F0E1E1 /* Release */ = {
			isa = XCBuildConfiguration;
			baseConfigurationReference = C6F79EFCD0CCBE3B34C268E7 /* Pods-WeScan.release.xcconfig */;
			buildSettings = {
				ASSETCATALOG_COMPILER_APPICON_NAME = AppIcon;
				CODE_SIGN_STYLE = Automatic;
				DEVELOPMENT_TEAM = 4QJUCZ4JW2;
				INFOPLIST_FILE = WeScan/Info.plist;
				LD_RUNPATH_SEARCH_PATHS = (
					"$(inherited)",
					"@executable_path/Frameworks",
				);
				PRODUCT_BUNDLE_IDENTIFIER = com.SahilMirchandani.WeScan;
				PRODUCT_NAME = "$(TARGET_NAME)";
				SWIFT_VERSION = 5.0;
				TARGETED_DEVICE_FAMILY = "1,2";
			};
			name = Release;
		};
/* End XCBuildConfiguration section */

/* Begin XCConfigurationList section */
		7F719E8924C2857C00F0E1E1 /* Build configuration list for PBXProject "WeScan" */ = {
			isa = XCConfigurationList;
			buildConfigurations = (
				7F719EA024C2858000F0E1E1 /* Debug */,
				7F719EA124C2858000F0E1E1 /* Release */,
			);
			defaultConfigurationIsVisible = 0;
			defaultConfigurationName = Release;
		};
		7F719EA224C2858000F0E1E1 /* Build configuration list for PBXNativeTarget "WeScan" */ = {
			isa = XCConfigurationList;
			buildConfigurations = (
				7F719EA324C2858000F0E1E1 /* Debug */,
				7F719EA424C2858000F0E1E1 /* Release */,
			);
			defaultConfigurationIsVisible = 0;
			defaultConfigurationName = Release;
		};
/* End XCConfigurationList section */
	};
	rootObject = 7F719E8624C2857C00F0E1E1 /* Project object */;
}
